// !$*UTF8*$!
{
	archiveVersion = 1;
	classes = {
	};
	objectVersion = 50;
	objects = {

/* Begin PBXBuildFile section */
		4973708FABE8CFA4660FA156 /* Pods_TestSwaggerCodegen.framework in Frameworks */ = {isa = PBXBuildFile; fileRef = 41BF884F6860350945E24694 /* Pods_TestSwaggerCodegen.framework */; };
		D96FF57C225182BC00ADADA7 /* AppDelegate.swift in Sources */ = {isa = PBXBuildFile; fileRef = D96FF57B225182BC00ADADA7 /* AppDelegate.swift */; };
		D96FF57E225182BC00ADADA7 /* ViewController.swift in Sources */ = {isa = PBXBuildFile; fileRef = D96FF57D225182BC00ADADA7 /* ViewController.swift */; };
		D96FF581225182BC00ADADA7 /* Main.storyboard in Resources */ = {isa = PBXBuildFile; fileRef = D96FF57F225182BC00ADADA7 /* Main.storyboard */; };
		D96FF583225182BD00ADADA7 /* Assets.xcassets in Resources */ = {isa = PBXBuildFile; fileRef = D96FF582225182BD00ADADA7 /* Assets.xcassets */; };
		D96FF586225182BD00ADADA7 /* LaunchScreen.storyboard in Resources */ = {isa = PBXBuildFile; fileRef = D96FF584225182BD00ADADA7 /* LaunchScreen.storyboard */; };
/* End PBXBuildFile section */

/* Begin PBXFileReference section */
		41BF884F6860350945E24694 /* Pods_TestSwaggerCodegen.framework */ = {isa = PBXFileReference; explicitFileType = wrapper.framework; includeInIndex = 0; path = Pods_TestSwaggerCodegen.framework; sourceTree = BUILT_PRODUCTS_DIR; };
		AC9EADC647BB87C6FFA04091 /* Pods-TestSwaggerCodegen.release.xcconfig */ = {isa = PBXFileReference; includeInIndex = 1; lastKnownFileType = text.xcconfig; name = "Pods-TestSwaggerCodegen.release.xcconfig"; path = "Target Support Files/Pods-TestSwaggerCodegen/Pods-TestSwaggerCodegen.release.xcconfig"; sourceTree = "<group>"; };
		D96FF578225182BC00ADADA7 /* TestSwaggerCodegen.app */ = {isa = PBXFileReference; explicitFileType = wrapper.application; includeInIndex = 0; path = TestSwaggerCodegen.app; sourceTree = BUILT_PRODUCTS_DIR; };
		D96FF57B225182BC00ADADA7 /* AppDelegate.swift */ = {isa = PBXFileReference; lastKnownFileType = sourcecode.swift; path = AppDelegate.swift; sourceTree = "<group>"; };
		D96FF57D225182BC00ADADA7 /* ViewController.swift */ = {isa = PBXFileReference; lastKnownFileType = sourcecode.swift; path = ViewController.swift; sourceTree = "<group>"; };
		D96FF580225182BC00ADADA7 /* Base */ = {isa = PBXFileReference; lastKnownFileType = file.storyboard; name = Base; path = Base.lproj/Main.storyboard; sourceTree = "<group>"; };
		D96FF582225182BD00ADADA7 /* Assets.xcassets */ = {isa = PBXFileReference; lastKnownFileType = folder.assetcatalog; path = Assets.xcassets; sourceTree = "<group>"; };
		D96FF585225182BD00ADADA7 /* Base */ = {isa = PBXFileReference; lastKnownFileType = file.storyboard; name = Base; path = Base.lproj/LaunchScreen.storyboard; sourceTree = "<group>"; };
		D96FF587225182BD00ADADA7 /* Info.plist */ = {isa = PBXFileReference; lastKnownFileType = text.plist.xml; path = Info.plist; sourceTree = "<group>"; };
		F0CC39CB39FE88579A966086 /* Pods-TestSwaggerCodegen.debug.xcconfig */ = {isa = PBXFileReference; includeInIndex = 1; lastKnownFileType = text.xcconfig; name = "Pods-TestSwaggerCodegen.debug.xcconfig"; path = "Target Support Files/Pods-TestSwaggerCodegen/Pods-TestSwaggerCodegen.debug.xcconfig"; sourceTree = "<group>"; };
/* End PBXFileReference section */

/* Begin PBXFrameworksBuildPhase section */
		D96FF575225182BC00ADADA7 /* Frameworks */ = {
			isa = PBXFrameworksBuildPhase;
			buildActionMask = 2147483647;
			files = (
				4973708FABE8CFA4660FA156 /* Pods_TestSwaggerCodegen.framework in Frameworks */,
			);
			runOnlyForDeploymentPostprocessing = 0;
		};
/* End PBXFrameworksBuildPhase section */

/* Begin PBXGroup section */
		CAF569C5C3B70BA531B66F9A /* Frameworks */ = {
			isa = PBXGroup;
			children = (
				41BF884F6860350945E24694 /* Pods_TestSwaggerCodegen.framework */,
			);
			name = Frameworks;
			sourceTree = "<group>";
		};
		D96FF56F225182BC00ADADA7 = {
			isa = PBXGroup;
			children = (
				D96FF57A225182BC00ADADA7 /* TestSwaggerCodegen */,
				D96FF579225182BC00ADADA7 /* Products */,
				E59D84332DB493F88A0F6FDA /* Pods */,
				CAF569C5C3B70BA531B66F9A /* Frameworks */,
			);
			sourceTree = "<group>";
		};
		D96FF579225182BC00ADADA7 /* Products */ = {
			isa = PBXGroup;
			children = (
				D96FF578225182BC00ADADA7 /* TestSwaggerCodegen.app */,
			);
			name = Products;
			sourceTree = "<group>";
		};
		D96FF57A225182BC00ADADA7 /* TestSwaggerCodegen */ = {
			isa = PBXGroup;
			children = (
				D96FF57B225182BC00ADADA7 /* AppDelegate.swift */,
				D96FF57D225182BC00ADADA7 /* ViewController.swift */,
				D96FF57F225182BC00ADADA7 /* Main.storyboard */,
				D96FF582225182BD00ADADA7 /* Assets.xcassets */,
				D96FF584225182BD00ADADA7 /* LaunchScreen.storyboard */,
				D96FF587225182BD00ADADA7 /* Info.plist */,
			);
			path = TestSwaggerCodegen;
			sourceTree = "<group>";
		};
		E59D84332DB493F88A0F6FDA /* Pods */ = {
			isa = PBXGroup;
			children = (
				F0CC39CB39FE88579A966086 /* Pods-TestSwaggerCodegen.debug.xcconfig */,
				AC9EADC647BB87C6FFA04091 /* Pods-TestSwaggerCodegen.release.xcconfig */,
			);
			name = Pods;
			path = Pods;
			sourceTree = "<group>";
		};
/* End PBXGroup section */

/* Begin PBXNativeTarget section */
		D96FF577225182BC00ADADA7 /* TestSwaggerCodegen */ = {
			isa = PBXNativeTarget;
			buildConfigurationList = D96FF58A225182BD00ADADA7 /* Build configuration list for PBXNativeTarget "TestSwaggerCodegen" */;
			buildPhases = (
				0D0FCBB1AD69B377246128F8 /* [CP] Check Pods Manifest.lock */,
				D96FF574225182BC00ADADA7 /* Sources */,
				D96FF575225182BC00ADADA7 /* Frameworks */,
				D96FF576225182BC00ADADA7 /* Resources */,
				34B51E0A39C7F17733AE8724 /* [CP] Embed Pods Frameworks */,
			);
			buildRules = (
			);
			dependencies = (
			);
			name = TestSwaggerCodegen;
			productName = TestSwaggerCodegen;
			productReference = D96FF578225182BC00ADADA7 /* TestSwaggerCodegen.app */;
			productType = "com.apple.product-type.application";
		};
/* End PBXNativeTarget section */

/* Begin PBXProject section */
		D96FF570225182BC00ADADA7 /* Project object */ = {
			isa = PBXProject;
			attributes = {
				LastSwiftUpdateCheck = 1010;
				LastUpgradeCheck = 1010;
				ORGANIZATIONNAME = Sylvia;
				TargetAttributes = {
					D96FF577225182BC00ADADA7 = {
						CreatedOnToolsVersion = 10.1;
					};
				};
			};
			buildConfigurationList = D96FF573225182BC00ADADA7 /* Build configuration list for PBXProject "TestSwaggerCodegen" */;
			compatibilityVersion = "Xcode 9.3";
			developmentRegion = en;
			hasScannedForEncodings = 0;
			knownRegions = (
				en,
				Base,
			);
			mainGroup = D96FF56F225182BC00ADADA7;
			productRefGroup = D96FF579225182BC00ADADA7 /* Products */;
			projectDirPath = "";
			projectRoot = "";
			targets = (
				D96FF577225182BC00ADADA7 /* TestSwaggerCodegen */,
			);
		};
/* End PBXProject section */

/* Begin PBXResourcesBuildPhase section */
		D96FF576225182BC00ADADA7 /* Resources */ = {
			isa = PBXResourcesBuildPhase;
			buildActionMask = 2147483647;
			files = (
				D96FF586225182BD00ADADA7 /* LaunchScreen.storyboard in Resources */,
				D96FF583225182BD00ADADA7 /* Assets.xcassets in Resources */,
				D96FF581225182BC00ADADA7 /* Main.storyboard in Resources */,
			);
			runOnlyForDeploymentPostprocessing = 0;
		};
/* End PBXResourcesBuildPhase section */

/* Begin PBXShellScriptBuildPhase section */
		0D0FCBB1AD69B377246128F8 /* [CP] Check Pods Manifest.lock */ = {
			isa = PBXShellScriptBuildPhase;
			buildActionMask = 2147483647;
			files = (
			);
			inputFileListPaths = (
			);
			inputPaths = (
				"${PODS_PODFILE_DIR_PATH}/Podfile.lock",
				"${PODS_ROOT}/Manifest.lock",
			);
			name = "[CP] Check Pods Manifest.lock";
			outputFileListPaths = (
			);
			outputPaths = (
				"$(DERIVED_FILE_DIR)/Pods-TestSwaggerCodegen-checkManifestLockResult.txt",
			);
			runOnlyForDeploymentPostprocessing = 0;
			shellPath = /bin/sh;
			shellScript = "diff \"${PODS_PODFILE_DIR_PATH}/Podfile.lock\" \"${PODS_ROOT}/Manifest.lock\" > /dev/null\nif [ $? != 0 ] ; then\n    # print error to STDERR\n    echo \"error: The sandbox is not in sync with the Podfile.lock. Run 'pod install' or update your CocoaPods installation.\" >&2\n    exit 1\nfi\n# This output is used by Xcode 'outputs' to avoid re-running this script phase.\necho \"SUCCESS\" > \"${SCRIPT_OUTPUT_FILE_0}\"\n";
			showEnvVarsInLog = 0;
		};
		34B51E0A39C7F17733AE8724 /* [CP] Embed Pods Frameworks */ = {
			isa = PBXShellScriptBuildPhase;
			buildActionMask = 2147483647;
			files = (
			);
			inputFileListPaths = (
			);
			inputPaths = (
				"${PODS_ROOT}/Target Support Files/Pods-TestSwaggerCodegen/Pods-TestSwaggerCodegen-frameworks.sh",
				"${BUILT_PRODUCTS_DIR}/Alamofire/Alamofire.framework",
				"${BUILT_PRODUCTS_DIR}/SylviaExampleClient/SylviaExampleClient.framework",
			);
			name = "[CP] Embed Pods Frameworks";
			outputFileListPaths = (
			);
			outputPaths = (
				"${TARGET_BUILD_DIR}/${FRAMEWORKS_FOLDER_PATH}/Alamofire.framework",
				"${TARGET_BUILD_DIR}/${FRAMEWORKS_FOLDER_PATH}/SylviaExampleClient.framework",
			);
			runOnlyForDeploymentPostprocessing = 0;
			shellPath = /bin/sh;
			shellScript = "\"${PODS_ROOT}/Target Support Files/Pods-TestSwaggerCodegen/Pods-TestSwaggerCodegen-frameworks.sh\"\n";
			showEnvVarsInLog = 0;
		};
/* End PBXShellScriptBuildPhase section */

/* Begin PBXSourcesBuildPhase section */
		D96FF574225182BC00ADADA7 /* Sources */ = {
			isa = PBXSourcesBuildPhase;
			buildActionMask = 2147483647;
			files = (
				D96FF57E225182BC00ADADA7 /* ViewController.swift in Sources */,
				D96FF57C225182BC00ADADA7 /* AppDelegate.swift in Sources */,
			);
			runOnlyForDeploymentPostprocessing = 0;
		};
/* End PBXSourcesBuildPhase section */

/* Begin PBXVariantGroup section */
		D96FF57F225182BC00ADADA7 /* Main.storyboard */ = {
			isa = PBXVariantGroup;
			children = (
				D96FF580225182BC00ADADA7 /* Base */,
			);
			name = Main.storyboard;
			sourceTree = "<group>";
		};
		D96FF584225182BD00ADADA7 /* LaunchScreen.storyboard */ = {
			isa = PBXVariantGroup;
			children = (
				D96FF585225182BD00ADADA7 /* Base */,
			);
			name = LaunchScreen.storyboard;
			sourceTree = "<group>";
		};
/* End PBXVariantGroup section */

/* Begin XCBuildConfiguration section */
		D96FF588225182BD00ADADA7 /* Debug */ = {
			isa = XCBuildConfiguration;
			buildSettings = {
				ALWAYS_SEARCH_USER_PATHS = NO;
				CLANG_ANALYZER_NONNULL = YES;
				CLANG_ANALYZER_NUMBER_OBJECT_CONVERSION = YES_AGGRESSIVE;
				CLANG_CXX_LANGUAGE_STANDARD = "gnu++14";
				CLANG_CXX_LIBRARY = "libc++";
				CLANG_ENABLE_MODULES = YES;
				CLANG_ENABLE_OBJC_ARC = YES;
				CLANG_ENABLE_OBJC_WEAK = YES;
				CLANG_WARN_BLOCK_CAPTURE_AUTORELEASING = YES;
				CLANG_WARN_BOOL_CONVERSION = YES;
				CLANG_WARN_COMMA = YES;
				CLANG_WARN_CONSTANT_CONVERSION = YES;
				CLANG_WARN_DEPRECATED_OBJC_IMPLEMENTATIONS = YES;
				CLANG_WARN_DIRECT_OBJC_ISA_USAGE = YES_ERROR;
				CLANG_WARN_DOCUMENTATION_COMMENTS = YES;
				CLANG_WARN_EMPTY_BODY = YES;
				CLANG_WARN_ENUM_CONVERSION = YES;
				CLANG_WARN_INFINITE_RECURSION = YES;
				CLANG_WARN_INT_CONVERSION = YES;
				CLANG_WARN_NON_LITERAL_NULL_CONVERSION = YES;
				CLANG_WARN_OBJC_IMPLICIT_RETAIN_SELF = YES;
				CLANG_WARN_OBJC_LITERAL_CONVERSION = YES;
				CLANG_WARN_OBJC_ROOT_CLASS = YES_ERROR;
				CLANG_WARN_RANGE_LOOP_ANALYSIS = YES;
				CLANG_WARN_STRICT_PROTOTYPES = YES;
				CLANG_WARN_SUSPICIOUS_MOVE = YES;
				CLANG_WARN_UNGUARDED_AVAILABILITY = YES_AGGRESSIVE;
				CLANG_WARN_UNREACHABLE_CODE = YES;
				CLANG_WARN__DUPLICATE_METHOD_MATCH = YES;
				CODE_SIGN_IDENTITY = "iPhone Developer";
				COPY_PHASE_STRIP = NO;
				DEBUG_INFORMATION_FORMAT = dwarf;
				ENABLE_STRICT_OBJC_MSGSEND = YES;
				ENABLE_TESTABILITY = YES;
				GCC_C_LANGUAGE_STANDARD = gnu11;
				GCC_DYNAMIC_NO_PIC = NO;
				GCC_NO_COMMON_BLOCKS = YES;
				GCC_OPTIMIZATION_LEVEL = 0;
				GCC_PREPROCESSOR_DEFINITIONS = (
					"DEBUG=1",
					"$(inherited)",
				);
				GCC_WARN_64_TO_32_BIT_CONVERSION = YES;
				GCC_WARN_ABOUT_RETURN_TYPE = YES_ERROR;
				GCC_WARN_UNDECLARED_SELECTOR = YES;
				GCC_WARN_UNINITIALIZED_AUTOS = YES_AGGRESSIVE;
				GCC_WARN_UNUSED_FUNCTION = YES;
				GCC_WARN_UNUSED_VARIABLE = YES;
				IPHONEOS_DEPLOYMENT_TARGET = 12.1;
				MTL_ENABLE_DEBUG_INFO = INCLUDE_SOURCE;
				MTL_FAST_MATH = YES;
				ONLY_ACTIVE_ARCH = YES;
				SDKROOT = iphoneos;
				SWIFT_ACTIVE_COMPILATION_CONDITIONS = DEBUG;
				SWIFT_OPTIMIZATION_LEVEL = "-Onone";
			};
			name = Debug;
		};
		D96FF589225182BD00ADADA7 /* Release */ = {
			isa = XCBuildConfiguration;
			buildSettings = {
				ALWAYS_SEARCH_USER_PATHS = NO;
				CLANG_ANALYZER_NONNULL = YES;
				CLANG_ANALYZER_NUMBER_OBJECT_CONVERSION = YES_AGGRESSIVE;
				CLANG_CXX_LANGUAGE_STANDARD = "gnu++14";
				CLANG_CXX_LIBRARY = "libc++";
				CLANG_ENABLE_MODULES = YES;
				CLANG_ENABLE_OBJC_ARC = YES;
				CLANG_ENABLE_OBJC_WEAK = YES;
				CLANG_WARN_BLOCK_CAPTURE_AUTORELEASING = YES;
				CLANG_WARN_BOOL_CONVERSION = YES;
				CLANG_WARN_COMMA = YES;
				CLANG_WARN_CONSTANT_CONVERSION = YES;
				CLANG_WARN_DEPRECATED_OBJC_IMPLEMENTATIONS = YES;
				CLANG_WARN_DIRECT_OBJC_ISA_USAGE = YES_ERROR;
				CLANG_WARN_DOCUMENTATION_COMMENTS = YES;
				CLANG_WARN_EMPTY_BODY = YES;
				CLANG_WARN_ENUM_CONVERSION = YES;
				CLANG_WARN_INFINITE_RECURSION = YES;
				CLANG_WARN_INT_CONVERSION = YES;
				CLANG_WARN_NON_LITERAL_NULL_CONVERSION = YES;
				CLANG_WARN_OBJC_IMPLICIT_RETAIN_SELF = YES;
				CLANG_WARN_OBJC_LITERAL_CONVERSION = YES;
				CLANG_WARN_OBJC_ROOT_CLASS = YES_ERROR;
				CLANG_WARN_RANGE_LOOP_ANALYSIS = YES;
				CLANG_WARN_STRICT_PROTOTYPES = YES;
				CLANG_WARN_SUSPICIOUS_MOVE = YES;
				CLANG_WARN_UNGUARDED_AVAILABILITY = YES_AGGRESSIVE;
				CLANG_WARN_UNREACHABLE_CODE = YES;
				CLANG_WARN__DUPLICATE_METHOD_MATCH = YES;
				CODE_SIGN_IDENTITY = "iPhone Developer";
				COPY_PHASE_STRIP = NO;
				DEBUG_INFORMATION_FORMAT = "dwarf-with-dsym";
				ENABLE_NS_ASSERTIONS = NO;
				ENABLE_STRICT_OBJC_MSGSEND = YES;
				GCC_C_LANGUAGE_STANDARD = gnu11;
				GCC_NO_COMMON_BLOCKS = YES;
				GCC_WARN_64_TO_32_BIT_CONVERSION = YES;
				GCC_WARN_ABOUT_RETURN_TYPE = YES_ERROR;
				GCC_WARN_UNDECLARED_SELECTOR = YES;
				GCC_WARN_UNINITIALIZED_AUTOS = YES_AGGRESSIVE;
				GCC_WARN_UNUSED_FUNCTION = YES;
				GCC_WARN_UNUSED_VARIABLE = YES;
				IPHONEOS_DEPLOYMENT_TARGET = 12.1;
				MTL_ENABLE_DEBUG_INFO = NO;
				MTL_FAST_MATH = YES;
				SDKROOT = iphoneos;
				SWIFT_COMPILATION_MODE = wholemodule;
				SWIFT_OPTIMIZATION_LEVEL = "-O";
				VALIDATE_PRODUCT = YES;
			};
			name = Release;
		};
		D96FF58B225182BD00ADADA7 /* Debug */ = {
			isa = XCBuildConfiguration;
			baseConfigurationReference = F0CC39CB39FE88579A966086 /* Pods-TestSwaggerCodegen.debug.xcconfig */;
			buildSettings = {
				ASSETCATALOG_COMPILER_APPICON_NAME = AppIcon;
				CODE_SIGN_STYLE = Automatic;
				INFOPLIST_FILE = TestSwaggerCodegen/Info.plist;
				LD_RUNPATH_SEARCH_PATHS = (
					"$(inherited)",
					"@executable_path/Frameworks",
				);
				PRODUCT_BUNDLE_IDENTIFIER = Esperanca.TestSwaggerCodegen;
				PRODUCT_NAME = "$(TARGET_NAME)";
				SWIFT_VERSION = 4.2;
				TARGETED_DEVICE_FAMILY = "1,2";
			};
			name = Debug;
		};
		D96FF58C225182BD00ADADA7 /* Release */ = {
			isa = XCBuildConfiguration;
			baseConfigurationReference = AC9EADC647BB87C6FFA04091 /* Pods-TestSwaggerCodegen.release.xcconfig */;
			buildSettings = {
				ASSETCATALOG_COMPILER_APPICON_NAME = AppIcon;
				CODE_SIGN_STYLE = Automatic;
				INFOPLIST_FILE = TestSwaggerCodegen/Info.plist;
				LD_RUNPATH_SEARCH_PATHS = (
					"$(inherited)",
					"@executable_path/Frameworks",
				);
				PRODUCT_BUNDLE_IDENTIFIER = Esperanca.TestSwaggerCodegen;
				PRODUCT_NAME = "$(TARGET_NAME)";
				SWIFT_VERSION = 4.2;
				TARGETED_DEVICE_FAMILY = "1,2";
			};
			name = Release;
		};
/* End XCBuildConfiguration section */

/* Begin XCConfigurationList section */
		D96FF573225182BC00ADADA7 /* Build configuration list for PBXProject "TestSwaggerCodegen" */ = {
			isa = XCConfigurationList;
			buildConfigurations = (
				D96FF588225182BD00ADADA7 /* Debug */,
				D96FF589225182BD00ADADA7 /* Release */,
			);
			defaultConfigurationIsVisible = 0;
			defaultConfigurationName = Release;
		};
		D96FF58A225182BD00ADADA7 /* Build configuration list for PBXNativeTarget "TestSwaggerCodegen" */ = {
			isa = XCConfigurationList;
			buildConfigurations = (
				D96FF58B225182BD00ADADA7 /* Debug */,
				D96FF58C225182BD00ADADA7 /* Release */,
			);
			defaultConfigurationIsVisible = 0;
			defaultConfigurationName = Release;
		};
/* End XCConfigurationList section */
	};
	rootObject = D96FF570225182BC00ADADA7 /* Project object */;
}
